
Microsoft Visual Studio Solution File, Format Version 12.00
# Visual Studio 15
VisualStudioVersion = 15.0.26730.15
MinimumVisualStudioVersion = 10.0.40219.1
Project("{9A19103F-16F7-4668-BE54-9A1E7A4F7556}") = "Web", "KeberAdverts\Web.csproj", "{821F33E3-FB52-4BD9-93A5-8143761F3C97}"
EndProject
Project("{2150E333-8FDC-42A3-9474-1A3956D46DE8}") = "src", "src", "{661A7CEA-3B82-4D3B-911A-D5B84CCDC4F5}"
EndProject
Project("{2150E333-8FDC-42A3-9474-1A3956D46DE8}") = "tests", "tests", "{C2D0F8DC-1CDB-4CCF-8EDB-19404853C48F}"
EndProject
Project("{FAE04EC0-301F-11D3-BF4B-00C04F79EFBC}") = "ApplicationCore", "ApplicationCore\ApplicationCore.csproj", "{E90C92CC-C7F9-4A36-BEF8-DD09E79F6E48}"
EndProject
Project("{FAE04EC0-301F-11D3-BF4B-00C04F79EFBC}") = "Infrastructure", "Infrastructure\Infrastructure.csproj", "{1E8E9E9D-77AE-4AE9-B5EE-C24E58E8383A}"
EndProject
Project("{FAE04EC0-301F-11D3-BF4B-00C04F79EFBC}") = "FunctionalTests", "FunctionalTests\FunctionalTests.csproj", "{A757E066-36EC-431A-9DFF-35C9462D9213}"
EndProject
Project("{FAE04EC0-301F-11D3-BF4B-00C04F79EFBC}") = "IntegrationTests", "IntegrationTests\IntegrationTests.csproj", "{31825DD7-A6F9-4D08-8858-F24C7B5C6233}"
EndProject
Project("{FAE04EC0-301F-11D3-BF4B-00C04F79EFBC}") = "UnitTests", "UnitTests\UnitTests.csproj", "{3CC92AFC-BC77-4EAD-BFE1-239E7C1CFF8E}"
EndProject
Global
	GlobalSection(SolutionConfigurationPlatforms) = preSolution
		Debug|Any CPU = Debug|Any CPU
		Release|Any CPU = Release|Any CPU
	EndGlobalSection
	GlobalSection(ProjectConfigurationPlatforms) = postSolution
		{821F33E3-FB52-4BD9-93A5-8143761F3C97}.Debug|Any CPU.ActiveCfg = Debug|Any CPU
		{821F33E3-FB52-4BD9-93A5-8143761F3C97}.Debug|Any CPU.Build.0 = Debug|Any CPU
		{821F33E3-FB52-4BD9-93A5-8143761F3C97}.Release|Any CPU.ActiveCfg = Release|Any CPU
		{821F33E3-FB52-4BD9-93A5-8143761F3C97}.Release|Any CPU.Build.0 = Release|Any CPU
		{E90C92CC-C7F9-4A36-BEF8-DD09E79F6E48}.Debug|Any CPU.ActiveCfg = Debug|Any CPU
		{E90C92CC-C7F9-4A36-BEF8-DD09E79F6E48}.Debug|Any CPU.Build.0 = Debug|Any CPU
		{E90C92CC-C7F9-4A36-BEF8-DD09E79F6E48}.Release|Any CPU.ActiveCfg = Release|Any CPU
		{E90C92CC-C7F9-4A36-BEF8-DD09E79F6E48}.Release|Any CPU.Build.0 = Release|Any CPU
		{1E8E9E9D-77AE-4AE9-B5EE-C24E58E8383A}.Debug|Any CPU.ActiveCfg = Debug|Any CPU
		{1E8E9E9D-77AE-4AE9-B5EE-C24E58E8383A}.Debug|Any CPU.Build.0 = Debug|Any CPU
		{1E8E9E9D-77AE-4AE9-B5EE-C24E58E8383A}.Release|Any CPU.ActiveCfg = Release|Any CPU
		{1E8E9E9D-77AE-4AE9-B5EE-C24E58E8383A}.Release|Any CPU.Build.0 = Release|Any CPU
		{A757E066-36EC-431A-9DFF-35C9462D9213}.Debug|Any CPU.ActiveCfg = Debug|Any CPU
		{A757E066-36EC-431A-9DFF-35C9462D9213}.Debug|Any CPU.Build.0 = Debug|Any CPU
		{A757E066-36EC-431A-9DFF-35C9462D9213}.Release|Any CPU.ActiveCfg = Release|Any CPU
		{A757E066-36EC-431A-9DFF-35C9462D9213}.Release|Any CPU.Build.0 = Release|Any CPU
		{31825DD7-A6F9-4D08-8858-F24C7B5C6233}.Debug|Any CPU.ActiveCfg = Debug|Any CPU
		{31825DD7-A6F9-4D08-8858-F24C7B5C6233}.Debug|Any CPU.Build.0 = Debug|Any CPU
		{31825DD7-A6F9-4D08-8858-F24C7B5C6233}.Release|Any CPU.ActiveCfg = Release|Any CPU
		{31825DD7-A6F9-4D08-8858-F24C7B5C6233}.Release|Any CPU.Build.0 = Release|Any CPU
		{3CC92AFC-BC77-4EAD-BFE1-239E7C1CFF8E}.Debug|Any CPU.ActiveCfg = Debug|Any CPU
		{3CC92AFC-BC77-4EAD-BFE1-239E7C1CFF8E}.Debug|Any CPU.Build.0 = Debug|Any CPU
		{3CC92AFC-BC77-4EAD-BFE1-239E7C1CFF8E}.Release|Any CPU.ActiveCfg = Release|Any CPU
		{3CC92AFC-BC77-4EAD-BFE1-239E7C1CFF8E}.Release|Any CPU.Build.0 = Release|Any CPU
	EndGlobalSection
	GlobalSection(SolutionProperties) = preSolution
		HideSolutionNode = FALSE
	EndGlobalSection
	GlobalSection(NestedProjects) = preSolution
		{821F33E3-FB52-4BD9-93A5-8143761F3C97} = {661A7CEA-3B82-4D3B-911A-D5B84CCDC4F5}
		{E90C92CC-C7F9-4A36-BEF8-DD09E79F6E48} = {661A7CEA-3B82-4D3B-911A-D5B84CCDC4F5}
		{1E8E9E9D-77AE-4AE9-B5EE-C24E58E8383A} = {661A7CEA-3B82-4D3B-911A-D5B84CCDC4F5}
		{A757E066-36EC-431A-9DFF-35C9462D9213} = {C2D0F8DC-1CDB-4CCF-8EDB-19404853C48F}
		{31825DD7-A6F9-4D08-8858-F24C7B5C6233} = {C2D0F8DC-1CDB-4CCF-8EDB-19404853C48F}
		{3CC92AFC-BC77-4EAD-BFE1-239E7C1CFF8E} = {C2D0F8DC-1CDB-4CCF-8EDB-19404853C48F}
	EndGlobalSection
	GlobalSection(ExtensibilityGlobals) = postSolution
		SolutionGuid = {4F264895-0C33-42E6-9CDE-D5A1474725C7}
	EndGlobalSection
EndGlobal
