
Microsoft Visual Studio Solution File, Format Version 12.00
# Visual Studio 15
VisualStudioVersion = 15.0.26730.15
MinimumVisualStudioVersion = 10.0.40219.1
Project("{FAE04EC0-301F-11D3-BF4B-00C04F79EFBC}") = "Web", "Web\Web.csproj", "{875A9221-2C6C-439D-83D1-DFCF4CD52399}"
EndProject
Project("{2150E333-8FDC-42A3-9474-1A3956D46DE8}") = "src", "src", "{B56A5D67-AB26-4FB1-AF31-265964B9AA0F}"
EndProject
Project("{2150E333-8FDC-42A3-9474-1A3956D46DE8}") = "tests", "tests", "{B954FD53-F98C-4D20-BC85-041D3D279B0B}"
EndProject
Project("{FAE04EC0-301F-11D3-BF4B-00C04F79EFBC}") = "ApplicationCore", "ApplicationCore\ApplicationCore.csproj", "{A33C5AFE-EC52-427B-A350-0239B6B626B6}"
EndProject
Project("{FAE04EC0-301F-11D3-BF4B-00C04F79EFBC}") = "Infrastructure", "Infrastructure\Infrastructure.csproj", "{697A066C-AC20-43CD-AACA-FE9DFB974BAB}"
EndProject
Project("{FAE04EC0-301F-11D3-BF4B-00C04F79EFBC}") = "FunctionalTests", "FunctionalTests\FunctionalTests.csproj", "{5583C85B-71C4-4CBB-9A0D-7537DFDD9FCF}"
EndProject
Project("{FAE04EC0-301F-11D3-BF4B-00C04F79EFBC}") = "IntegrationTests", "IntegrationTests\IntegrationTests.csproj", "{0C6B02B7-9D02-4B06-92AF-032018151C13}"
EndProject
Project("{FAE04EC0-301F-11D3-BF4B-00C04F79EFBC}") = "UnitTests", "UnitTests\UnitTests.csproj", "{CA6F6536-889B-4324-A5FD-F1EA0172AB35}"
EndProject
Global
	GlobalSection(SolutionConfigurationPlatforms) = preSolution
		Debug|Any CPU = Debug|Any CPU
		Release|Any CPU = Release|Any CPU
	EndGlobalSection
	GlobalSection(ProjectConfigurationPlatforms) = postSolution
		{875A9221-2C6C-439D-83D1-DFCF4CD52399}.Debug|Any CPU.ActiveCfg = Debug|Any CPU
		{875A9221-2C6C-439D-83D1-DFCF4CD52399}.Debug|Any CPU.Build.0 = Debug|Any CPU
		{875A9221-2C6C-439D-83D1-DFCF4CD52399}.Release|Any CPU.ActiveCfg = Release|Any CPU
		{875A9221-2C6C-439D-83D1-DFCF4CD52399}.Release|Any CPU.Build.0 = Release|Any CPU
		{A33C5AFE-EC52-427B-A350-0239B6B626B6}.Debug|Any CPU.ActiveCfg = Debug|Any CPU
		{A33C5AFE-EC52-427B-A350-0239B6B626B6}.Debug|Any CPU.Build.0 = Debug|Any CPU
		{A33C5AFE-EC52-427B-A350-0239B6B626B6}.Release|Any CPU.ActiveCfg = Release|Any CPU
		{A33C5AFE-EC52-427B-A350-0239B6B626B6}.Release|Any CPU.Build.0 = Release|Any CPU
		{697A066C-AC20-43CD-AACA-FE9DFB974BAB}.Debug|Any CPU.ActiveCfg = Debug|Any CPU
		{697A066C-AC20-43CD-AACA-FE9DFB974BAB}.Debug|Any CPU.Build.0 = Debug|Any CPU
		{697A066C-AC20-43CD-AACA-FE9DFB974BAB}.Release|Any CPU.ActiveCfg = Release|Any CPU
		{697A066C-AC20-43CD-AACA-FE9DFB974BAB}.Release|Any CPU.Build.0 = Release|Any CPU
		{5583C85B-71C4-4CBB-9A0D-7537DFDD9FCF}.Debug|Any CPU.ActiveCfg = Debug|Any CPU
		{5583C85B-71C4-4CBB-9A0D-7537DFDD9FCF}.Debug|Any CPU.Build.0 = Debug|Any CPU
		{5583C85B-71C4-4CBB-9A0D-7537DFDD9FCF}.Release|Any CPU.ActiveCfg = Release|Any CPU
		{5583C85B-71C4-4CBB-9A0D-7537DFDD9FCF}.Release|Any CPU.Build.0 = Release|Any CPU
		{0C6B02B7-9D02-4B06-92AF-032018151C13}.Debug|Any CPU.ActiveCfg = Debug|Any CPU
		{0C6B02B7-9D02-4B06-92AF-032018151C13}.Debug|Any CPU.Build.0 = Debug|Any CPU
		{0C6B02B7-9D02-4B06-92AF-032018151C13}.Release|Any CPU.ActiveCfg = Release|Any CPU
		{0C6B02B7-9D02-4B06-92AF-032018151C13}.Release|Any CPU.Build.0 = Release|Any CPU
		{CA6F6536-889B-4324-A5FD-F1EA0172AB35}.Debug|Any CPU.ActiveCfg = Debug|Any CPU
		{CA6F6536-889B-4324-A5FD-F1EA0172AB35}.Debug|Any CPU.Build.0 = Debug|Any CPU
		{CA6F6536-889B-4324-A5FD-F1EA0172AB35}.Release|Any CPU.ActiveCfg = Release|Any CPU
		{CA6F6536-889B-4324-A5FD-F1EA0172AB35}.Release|Any CPU.Build.0 = Release|Any CPU
	EndGlobalSection
	GlobalSection(SolutionProperties) = preSolution
		HideSolutionNode = FALSE
	EndGlobalSection
	GlobalSection(NestedProjects) = preSolution
		{875A9221-2C6C-439D-83D1-DFCF4CD52399} = {B56A5D67-AB26-4FB1-AF31-265964B9AA0F}
		{A33C5AFE-EC52-427B-A350-0239B6B626B6} = {B56A5D67-AB26-4FB1-AF31-265964B9AA0F}
		{697A066C-AC20-43CD-AACA-FE9DFB974BAB} = {B56A5D67-AB26-4FB1-AF31-265964B9AA0F}
		{5583C85B-71C4-4CBB-9A0D-7537DFDD9FCF} = {B954FD53-F98C-4D20-BC85-041D3D279B0B}
		{0C6B02B7-9D02-4B06-92AF-032018151C13} = {B954FD53-F98C-4D20-BC85-041D3D279B0B}
		{CA6F6536-889B-4324-A5FD-F1EA0172AB35} = {B954FD53-F98C-4D20-BC85-041D3D279B0B}
	EndGlobalSection
	GlobalSection(ExtensibilityGlobals) = postSolution
		SolutionGuid = {B54066FE-52E8-489B-ADF3-9C7D3C00A7AD}
	EndGlobalSection
EndGlobal
